
Microsoft Visual Studio Solution File, Format Version 12.00
# Visual Studio Version 17
VisualStudioVersion = 17.5.33516.290
MinimumVisualStudioVersion = 10.0.40219.1
Project("{FAE04EC0-301F-11D3-BF4B-00C04F79EFBC}") = "WindowsFormWithCRUD", "WindowsFormWithCRUD.csproj", "{B642B673-1DE3-442A-B843-3958BDC33A81}"
EndProject
Global
	GlobalSection(SolutionConfigurationPlatforms) = preSolution
		Debug|Any CPU = Debug|Any CPU
		Release|Any CPU = Release|Any CPU
	EndGlobalSection
	GlobalSection(ProjectConfigurationPlatforms) = postSolution
		{B642B673-1DE3-442A-B843-3958BDC33A81}.Debug|Any CPU.ActiveCfg = Debug|Any CPU
		{B642B673-1DE3-442A-B843-3958BDC33A81}.Debug|Any CPU.Build.0 = Debug|Any CPU
		{B642B673-1DE3-442A-B843-3958BDC33A81}.Release|Any CPU.ActiveCfg = Release|Any CPU
		{B642B673-1DE3-442A-B843-3958BDC33A81}.Release|Any CPU.Build.0 = Release|Any CPU
	EndGlobalSection
	GlobalSection(SolutionProperties) = preSolution
		HideSolutionNode = FALSE
	EndGlobalSection
	GlobalSection(ExtensibilityGlobals) = postSolution
		SolutionGuid = {03F72491-2F4E-4A36-83D1-1BA0E0769740}
	EndGlobalSection
EndGlobal
